PODS:
  - Alamofire (4.7.3)
  - Bolts (1.9.0):
    - Bolts/AppLinks (= 1.9.0)
    - Bolts/Tasks (= 1.9.0)
  - Bolts/AppLinks (1.9.0):
    - Bolts/Tasks
  - Bolts/Tasks (1.9.0)
  - FBSDKCoreKit (4.35.0):
    - Bolts (~> 1.7)
  - FBSDKLoginKit (4.35.0):
    - FBSDKCoreKit
  - FHSTwitterEngine (2.0.6)
  - Firebase (4.0.4):
    - Firebase/Core (= 4.0.4)
  - Firebase/Auth (4.0.4):
    - Firebase/Core
    - FirebaseAuth (= 4.0.0)
  - Firebase/Core (4.0.4):
    - FirebaseAnalytics (= 4.0.2)
    - FirebaseCore (= 4.0.4)
  - Firebase/Messaging (4.0.4):
    - Firebase/Core
    - FirebaseMessaging (= 2.0.0)
  - FirebaseAnalytics (4.0.2):
    - FirebaseCore (~> 4.0)
    - FirebaseInstanceID (~> 2.0)
    - "GoogleToolboxForMac/NSData+zlib (~> 2.1)"
  - FirebaseAuth (4.0.0):
    - FirebaseAnalytics (~> 4.0)
    - "GoogleToolboxForMac/NSDictionary+URLArguments (~> 2.1)"
    - GTMSessionFetcher/Core (~> 1.1)
  - FirebaseCore (4.0.4):
    - "GoogleToolboxForMac/NSData+zlib (~> 2.1)"
    - nanopb (~> 0.3)
  - FirebaseInstanceID (2.0.10):
    - FirebaseCore (~> 4.0)
  - FirebaseMessaging (2.0.0):
    - FirebaseAnalytics (~> 4.0)
    - FirebaseCore (~> 4.0)
    - FirebaseInstanceID (~> 2.0)
    - GoogleToolboxForMac/Logger (~> 2.1)
    - Protobuf (~> 3.1)
  - Frames (3.0.5)
  - FSCalendar (2.8.1)
  - GoogleMaps (2.6.0):
    - GoogleMaps/Maps (= 2.6.0)
  - GoogleMaps/Base (2.6.0)
  - GoogleMaps/Maps (2.6.0):
    - GoogleMaps/Base
  - GooglePlaces (2.6.0):
    - GoogleMaps/Base (= 2.6.0)
  - GoogleSignIn (4.4.0):
    - "GoogleToolboxForMac/NSDictionary+URLArguments (~> 2.1)"
    - "GoogleToolboxForMac/NSString+URLArguments (~> 2.1)"
    - GTMSessionFetcher/Core (~> 1.1)
  - GoogleToolboxForMac/DebugUtils (2.1.4):
    - GoogleToolboxForMac/Defines (= 2.1.4)
  - GoogleToolboxForMac/Defines (2.1.4)
  - GoogleToolboxForMac/Logger (2.1.4):
    - GoogleToolboxForMac/Defines (= 2.1.4)
  - "GoogleToolboxForMac/NSData+zlib (2.1.4)":
    - GoogleToolboxForMac/Defines (= 2.1.4)
  - "GoogleToolboxForMac/NSDictionary+URLArguments (2.1.4)":
    - GoogleToolboxForMac/DebugUtils (= 2.1.4)
    - GoogleToolboxForMac/Defines (= 2.1.4)
    - "GoogleToolboxForMac/NSString+URLArguments (= 2.1.4)"
  - "GoogleToolboxForMac/NSString+URLArguments (2.1.4)"
  - GrowingTextView (0.7.2)
  - GTMSessionFetcher/Core (1.2.0)
  - JTAppleCalendar (7.1.8)
  - LocationPickerViewController (3.4)
  - MarqueeLabel/Swift (3.1.6)
  - nanopb (0.3.8):
    - nanopb/decode (= 0.3.8)
    - nanopb/encode (= 0.3.8)
  - nanopb/decode (0.3.8)
  - nanopb/encode (0.3.8)
  - NotificationBannerSwift (1.6.3):
    - MarqueeLabel/Swift
    - SnapKit (~> 4.0)
  - Protobuf (3.6.0)
  - SDWebImage (4.4.2):
    - SDWebImage/Core (= 4.4.2)
  - SDWebImage/Core (4.4.2)
  - SnapKit (4.0.0)

DEPENDENCIES:
  - Alamofire
  - FBSDKLoginKit
  - FHSTwitterEngine (~> 2.0)
  - Firebase (~> 4.0.0)
  - Firebase/Auth (~> 4.0.0)
  - Firebase/Core (~> 4.0.0)
  - Firebase/Messaging (~> 4.0.0)
  - Frames (~> 3.0)
  - FSCalendar
  - GoogleMaps
  - GooglePlaces
  - GoogleSignIn
  - GrowingTextView (~> 0.4)
  - JTAppleCalendar (~> 7.0)
  - LocationPickerViewController
  - NotificationBannerSwift
  - SDWebImage (~> 4.1)

SPEC REPOS:
  trunk:
    - Alamofire
    - Bolts
    - FBSDKCoreKit
    - FBSDKLoginKit
    - FHSTwitterEngine
    - Firebase
    - FirebaseAnalytics
    - FirebaseAuth
    - FirebaseCore
    - FirebaseInstanceID
    - FirebaseMessaging
    - Frames
    - FSCalendar
    - GoogleMaps
    - GooglePlaces
    - GoogleSignIn
    - GoogleToolboxForMac
    - GrowingTextView
    - GTMSessionFetcher
    - JTAppleCalendar
    - LocationPickerViewController
    - MarqueeLabel
    - nanopb
    - NotificationBannerSwift
    - Protobuf
    - SDWebImage
    - SnapKit

SPEC CHECKSUMS:
  Alamofire: c7287b6e5d7da964a70935e5db17046b7fde6568
  Bolts: ac6567323eac61e203f6a9763667d0f711be34c8
  FBSDKCoreKit: 1a5b2e3ceb5ca827a53c54aa5f4a3480efff80d2
  FBSDKLoginKit: 00a3d65d1226852f9d76dcddff01981e5e6d9c38
  FHSTwitterEngine: ace2a7f57e4e0c0e4045e786d2f5a8c6bc1b8cf0
  Firebase: 1492bf04e1b73a7353b4fb2cf5a20bac9692f341
  FirebaseAnalytics: ad41720e3e67fc63fbe3d2948d3e26932a8de311
  FirebaseAuth: ebb6abcbabae00fc47446d690c19ce68d8484fde
  FirebaseCore: cfc042628ef9f20debe09c0eb683135fcd404cb4
  FirebaseInstanceID: 8d20d890d65c917f9f7d9950b6e10a760ad34321
  FirebaseMessaging: 227406c05b0dc9290702d2e9f18ab5528f0c2cf2
  Frames: 67f5a5c4e1bfadc293f436d42a1164ab93afcd95
  FSCalendar: 5245140456fcbcac5824c203b98bd8068bdfee1a
  GoogleMaps: 42f91c68b7fa2f84d5c86597b18ceb99f5414c7f
  GooglePlaces: f6ddf33b75cef69e888907d9947c57198ed845f3
  GoogleSignIn: 7ff245e1a7b26d379099d3243a562f5747e23d39
  GoogleToolboxForMac: 91c824d21e85b31c2aae9bb011c5027c9b4e738f
  GrowingTextView: 876bf42005b5e4a4fd740597db12caaf41f0fe6c
  GTMSessionFetcher: 0c4baf0a73acd0041bf9f71ea018deedab5ea84e
  JTAppleCalendar: b7fb40852f5f319fe55c8ec3861f1de0edc99cc8
  LocationPickerViewController: 4f33d63587bca682267a09779de2b2e09cf5b8e2
  MarqueeLabel: 0c41f08ef5773e29c0f71064a8fa788a2fd8b365
  nanopb: 5601e6bca2dbf1ed831b519092ec110f66982ca3
  NotificationBannerSwift: b231e4c3244848ef300e1c53ce027b9756b9b06f
  Protobuf: 0fc0ad8bec688b2a3017a139953e01374fedbd5f
  SDWebImage: 624d6e296c69b244bcede364c72ae0430ac14681
  SnapKit: a42d492c16e80209130a3379f73596c3454b7694

PODFILE CHECKSUM: e4e8a1c48a1f6e3eee5e7a7487bc11c66fea04d3

COCOAPODS: 1.8.4
